
Microsoft Visual Studio Solution File, Format Version 12.00
# Visual Studio Version 16
VisualStudioVersion = 16.0.29215.179
MinimumVisualStudioVersion = 10.0.40219.1
Project("{FAE04EC0-301F-11D3-BF4B-00C04F79EFBC}") = "CarCapstone5", "CarCapstone5\CarCapstone5.csproj", "{4D39D097-0A50-4039-8AB5-C9B43DC52E84}"
EndProject
Global
	GlobalSection(SolutionConfigurationPlatforms) = preSolution
		Debug|Any CPU = Debug|Any CPU
		Release|Any CPU = Release|Any CPU
	EndGlobalSection
	GlobalSection(ProjectConfigurationPlatforms) = postSolution
		{4D39D097-0A50-4039-8AB5-C9B43DC52E84}.Debug|Any CPU.ActiveCfg = Debug|Any CPU
		{4D39D097-0A50-4039-8AB5-C9B43DC52E84}.Debug|Any CPU.Build.0 = Debug|Any CPU
		{4D39D097-0A50-4039-8AB5-C9B43DC52E84}.Release|Any CPU.ActiveCfg = Release|Any CPU
		{4D39D097-0A50-4039-8AB5-C9B43DC52E84}.Release|Any CPU.Build.0 = Release|Any CPU
	EndGlobalSection
	GlobalSection(SolutionProperties) = preSolution
		HideSolutionNode = FALSE
	EndGlobalSection
	GlobalSection(ExtensibilityGlobals) = postSolution
		SolutionGuid = {B7060929-5782-4E9F-88F5-88F820442159}
	EndGlobalSection
EndGlobal
